// !$*UTF8*$!
{
	archiveVersion = 1;
	classes = {
	};
	objectVersion = 46;
	objects = {

/* Begin PBXBuildFile section */
		9B4A5EB5A48EBD0F3C321772 /* libPods-BWiOSResearchMedia.a in Frameworks */ = {isa = PBXBuildFile; fileRef = 60786C12CFA6375DE183FF94 /* libPods-BWiOSResearchMedia.a */; };
		B4879A061E49A42B0007D41B /* main.m in Sources */ = {isa = PBXBuildFile; fileRef = B4879A051E49A42B0007D41B /* main.m */; };
		B4879A091E49A42B0007D41B /* AppDelegate.m in Sources */ = {isa = PBXBuildFile; fileRef = B4879A081E49A42B0007D41B /* AppDelegate.m */; };
		B4879A0C1E49A42B0007D41B /* ViewController.m in Sources */ = {isa = PBXBuildFile; fileRef = B4879A0B1E49A42B0007D41B /* ViewController.m */; };
		B4879A0F1E49A42B0007D41B /* Main.storyboard in Resources */ = {isa = PBXBuildFile; fileRef = B4879A0D1E49A42B0007D41B /* Main.storyboard */; };
		B4879A111E49A42B0007D41B /* Assets.xcassets in Resources */ = {isa = PBXBuildFile; fileRef = B4879A101E49A42B0007D41B /* Assets.xcassets */; };
		B4879A141E49A42B0007D41B /* LaunchScreen.storyboard in Resources */ = {isa = PBXBuildFile; fileRef = B4879A121E49A42B0007D41B /* LaunchScreen.storyboard */; };
		B4879A1F1E49A42B0007D41B /* BWiOSResearchMediaTests.m in Sources */ = {isa = PBXBuildFile; fileRef = B4879A1E1E49A42B0007D41B /* BWiOSResearchMediaTests.m */; };
		B4879A2A1E49A42B0007D41B /* BWiOSResearchMediaUITests.m in Sources */ = {isa = PBXBuildFile; fileRef = B4879A291E49A42B0007D41B /* BWiOSResearchMediaUITests.m */; };
		B4879A3F1E49B2730007D41B /* test.mp4 in Resources */ = {isa = PBXBuildFile; fileRef = B4879A3E1E49B2470007D41B /* test.mp4 */; };
		B48C6A4E1E5598A300B00CB8 /* bg_image@2x.png in Resources */ = {isa = PBXBuildFile; fileRef = B48C6A4D1E5598A300B00CB8 /* bg_image@2x.png */; };
		B48C6A541E55A80600B00CB8 /* ZFPlayerView+BWExtension.m in Sources */ = {isa = PBXBuildFile; fileRef = B48C6A531E55A80600B00CB8 /* ZFPlayerView+BWExtension.m */; };
		B49A65341E518DC8002A0E35 /* BWZFPlayerViewController.m in Sources */ = {isa = PBXBuildFile; fileRef = B49A65331E518DC8002A0E35 /* BWZFPlayerViewController.m */; };
		B49A65391E51A241002A0E35 /* BWVideoManager.m in Sources */ = {isa = PBXBuildFile; fileRef = B49A65381E51A241002A0E35 /* BWVideoManager.m */; };
		B4A0DD301E56CEDB00C88CFF /* BWVideoPlayer.m in Sources */ = {isa = PBXBuildFile; fileRef = B4A0DD2F1E56CEDB00C88CFF /* BWVideoPlayer.m */; };
		B4A0DD321E56E3D700C88CFF /* btn_video_play@2x.png in Resources */ = {isa = PBXBuildFile; fileRef = B4A0DD311E56E3D700C88CFF /* btn_video_play@2x.png */; };
		B4B911261E52FEA2001C6988 /* ZFHomeViewController.m in Sources */ = {isa = PBXBuildFile; fileRef = B4B911251E52FEA2001C6988 /* ZFHomeViewController.m */; };
/* End PBXBuildFile section */

/* Begin PBXContainerItemProxy section */
		B4879A1B1E49A42B0007D41B /* PBXContainerItemProxy */ = {
			isa = PBXContainerItemProxy;
			containerPortal = B48799F91E49A42A0007D41B /* Project object */;
			proxyType = 1;
			remoteGlobalIDString = B4879A001E49A42B0007D41B;
			remoteInfo = BWiOSResearchMedia;
		};
		B4879A261E49A42B0007D41B /* PBXContainerItemProxy */ = {
			isa = PBXContainerItemProxy;
			containerPortal = B48799F91E49A42A0007D41B /* Project object */;
			proxyType = 1;
			remoteGlobalIDString = B4879A001E49A42B0007D41B;
			remoteInfo = BWiOSResearchMedia;
		};
/* End PBXContainerItemProxy section */

/* Begin PBXFileReference section */
		56F143C51E3F780461781FFA /* Pods-BWiOSResearchMedia.debug.xcconfig */ = {isa = PBXFileReference; includeInIndex = 1; lastKnownFileType = text.xcconfig; name = "Pods-BWiOSResearchMedia.debug.xcconfig"; path = "Pods/Target Support Files/Pods-BWiOSResearchMedia/Pods-BWiOSResearchMedia.debug.xcconfig"; sourceTree = "<group>"; };
		60786C12CFA6375DE183FF94 /* libPods-BWiOSResearchMedia.a */ = {isa = PBXFileReference; explicitFileType = archive.ar; includeInIndex = 0; path = "libPods-BWiOSResearchMedia.a"; sourceTree = BUILT_PRODUCTS_DIR; };
		845EBFBC481F9A67D2B1AEA5 /* Pods-BWiOSResearchMedia.release.xcconfig */ = {isa = PBXFileReference; includeInIndex = 1; lastKnownFileType = text.xcconfig; name = "Pods-BWiOSResearchMedia.release.xcconfig"; path = "Pods/Target Support Files/Pods-BWiOSResearchMedia/Pods-BWiOSResearchMedia.release.xcconfig"; sourceTree = "<group>"; };
		B4879A011E49A42B0007D41B /* BWiOSResearchMedia.app */ = {isa = PBXFileReference; explicitFileType = wrapper.application; includeInIndex = 0; path = BWiOSResearchMedia.app; sourceTree = BUILT_PRODUCTS_DIR; };
		B4879A051E49A42B0007D41B /* main.m */ = {isa = PBXFileReference; lastKnownFileType = sourcecode.c.objc; path = main.m; sourceTree = "<group>"; };
		B4879A071E49A42B0007D41B /* AppDelegate.h */ = {isa = PBXFileReference; lastKnownFileType = sourcecode.c.h; path = AppDelegate.h; sourceTree = "<group>"; };
		B4879A081E49A42B0007D41B /* AppDelegate.m */ = {isa = PBXFileReference; lastKnownFileType = sourcecode.c.objc; path = AppDelegate.m; sourceTree = "<group>"; };
		B4879A0A1E49A42B0007D41B /* ViewController.h */ = {isa = PBXFileReference; lastKnownFileType = sourcecode.c.h; path = ViewController.h; sourceTree = "<group>"; };
		B4879A0B1E49A42B0007D41B /* ViewController.m */ = {isa = PBXFileReference; lastKnownFileType = sourcecode.c.objc; path = ViewController.m; sourceTree = "<group>"; };
		B4879A0E1E49A42B0007D41B /* Base */ = {isa = PBXFileReference; lastKnownFileType = file.storyboard; name = Base; path = Base.lproj/Main.storyboard; sourceTree = "<group>"; };
		B4879A101E49A42B0007D41B /* Assets.xcassets */ = {isa = PBXFileReference; lastKnownFileType = folder.assetcatalog; path = Assets.xcassets; sourceTree = "<group>"; };
		B4879A131E49A42B0007D41B /* Base */ = {isa = PBXFileReference; lastKnownFileType = file.storyboard; name = Base; path = Base.lproj/LaunchScreen.storyboard; sourceTree = "<group>"; };
		B4879A151E49A42B0007D41B /* Info.plist */ = {isa = PBXFileReference; lastKnownFileType = text.plist.xml; path = Info.plist; sourceTree = "<group>"; };
		B4879A1A1E49A42B0007D41B /* BWiOSResearchMediaTests.xctest */ = {isa = PBXFileReference; explicitFileType = wrapper.cfbundle; includeInIndex = 0; path = BWiOSResearchMediaTests.xctest; sourceTree = BUILT_PRODUCTS_DIR; };
		B4879A1E1E49A42B0007D41B /* BWiOSResearchMediaTests.m */ = {isa = PBXFileReference; lastKnownFileType = sourcecode.c.objc; path = BWiOSResearchMediaTests.m; sourceTree = "<group>"; };
		B4879A201E49A42B0007D41B /* Info.plist */ = {isa = PBXFileReference; lastKnownFileType = text.plist.xml; path = Info.plist; sourceTree = "<group>"; };
		B4879A251E49A42B0007D41B /* BWiOSResearchMediaUITests.xctest */ = {isa = PBXFileReference; explicitFileType = wrapper.cfbundle; includeInIndex = 0; path = BWiOSResearchMediaUITests.xctest; sourceTree = BUILT_PRODUCTS_DIR; };
		B4879A291E49A42B0007D41B /* BWiOSResearchMediaUITests.m */ = {isa = PBXFileReference; lastKnownFileType = sourcecode.c.objc; path = BWiOSResearchMediaUITests.m; sourceTree = "<group>"; };
		B4879A2B1E49A42B0007D41B /* Info.plist */ = {isa = PBXFileReference; lastKnownFileType = text.plist.xml; path = Info.plist; sourceTree = "<group>"; };
		B4879A391E49A5250007D41B /* BMPlayer.h */ = {isa = PBXFileReference; fileEncoding = 4; lastKnownFileType = sourcecode.c.h; path = BMPlayer.h; sourceTree = "<group>"; };
		B4879A3A1E49A5250007D41B /* BMPlayer.m */ = {isa = PBXFileReference; fileEncoding = 4; lastKnownFileType = sourcecode.c.objc; path = BMPlayer.m; sourceTree = "<group>"; };
		B4879A3E1E49B2470007D41B /* test.mp4 */ = {isa = PBXFileReference; lastKnownFileType = file; path = test.mp4; sourceTree = "<group>"; };
		B48C6A4D1E5598A300B00CB8 /* bg_image@2x.png */ = {isa = PBXFileReference; lastKnownFileType = image.png; path = "bg_image@2x.png"; sourceTree = "<group>"; };
		B48C6A521E55A80600B00CB8 /* ZFPlayerView+BWExtension.h */ = {isa = PBXFileReference; fileEncoding = 4; lastKnownFileType = sourcecode.c.h; path = "ZFPlayerView+BWExtension.h"; sourceTree = "<group>"; };
		B48C6A531E55A80600B00CB8 /* ZFPlayerView+BWExtension.m */ = {isa = PBXFileReference; fileEncoding = 4; lastKnownFileType = sourcecode.c.objc; path = "ZFPlayerView+BWExtension.m"; sourceTree = "<group>"; };
		B49A65321E518DC8002A0E35 /* BWZFPlayerViewController.h */ = {isa = PBXFileReference; fileEncoding = 4; lastKnownFileType = sourcecode.c.h; path = BWZFPlayerViewController.h; sourceTree = "<group>"; };
		B49A65331E518DC8002A0E35 /* BWZFPlayerViewController.m */ = {isa = PBXFileReference; fileEncoding = 4; lastKnownFileType = sourcecode.c.objc; path = BWZFPlayerViewController.m; sourceTree = "<group>"; };
		B49A65371E51A241002A0E35 /* BWVideoManager.h */ = {isa = PBXFileReference; fileEncoding = 4; lastKnownFileType = sourcecode.c.h; path = BWVideoManager.h; sourceTree = "<group>"; };
		B49A65381E51A241002A0E35 /* BWVideoManager.m */ = {isa = PBXFileReference; fileEncoding = 4; lastKnownFileType = sourcecode.c.objc; path = BWVideoManager.m; sourceTree = "<group>"; };
		B4A0DD2E1E56CEDB00C88CFF /* BWVideoPlayer.h */ = {isa = PBXFileReference; fileEncoding = 4; lastKnownFileType = sourcecode.c.h; path = BWVideoPlayer.h; sourceTree = "<group>"; };
		B4A0DD2F1E56CEDB00C88CFF /* BWVideoPlayer.m */ = {isa = PBXFileReference; fileEncoding = 4; lastKnownFileType = sourcecode.c.objc; path = BWVideoPlayer.m; sourceTree = "<group>"; };
		B4A0DD311E56E3D700C88CFF /* btn_video_play@2x.png */ = {isa = PBXFileReference; lastKnownFileType = image.png; path = "btn_video_play@2x.png"; sourceTree = "<group>"; };
		B4B911241E52FEA2001C6988 /* ZFHomeViewController.h */ = {isa = PBXFileReference; fileEncoding = 4; lastKnownFileType = sourcecode.c.h; path = ZFHomeViewController.h; sourceTree = "<group>"; };
		B4B911251E52FEA2001C6988 /* ZFHomeViewController.m */ = {isa = PBXFileReference; fileEncoding = 4; lastKnownFileType = sourcecode.c.objc; path = ZFHomeViewController.m; sourceTree = "<group>"; };
/* End PBXFileReference section */

/* Begin PBXFrameworksBuildPhase section */
		B48799FE1E49A42B0007D41B /* Frameworks */ = {
			isa = PBXFrameworksBuildPhase;
			buildActionMask = 2147483647;
			files = (
				9B4A5EB5A48EBD0F3C321772 /* libPods-BWiOSResearchMedia.a in Frameworks */,
			);
			runOnlyForDeploymentPostprocessing = 0;
		};
		B4879A171E49A42B0007D41B /* Frameworks */ = {
			isa = PBXFrameworksBuildPhase;
			buildActionMask = 2147483647;
			files = (
			);
			runOnlyForDeploymentPostprocessing = 0;
		};
		B4879A221E49A42B0007D41B /* Frameworks */ = {
			isa = PBXFrameworksBuildPhase;
			buildActionMask = 2147483647;
			files = (
			);
			runOnlyForDeploymentPostprocessing = 0;
		};
/* End PBXFrameworksBuildPhase section */

/* Begin PBXGroup section */
		2F9B131B3945BBD4F2AC16A7 /* Pods */ = {
			isa = PBXGroup;
			children = (
				56F143C51E3F780461781FFA /* Pods-BWiOSResearchMedia.debug.xcconfig */,
				845EBFBC481F9A67D2B1AEA5 /* Pods-BWiOSResearchMedia.release.xcconfig */,
			);
			name = Pods;
			sourceTree = "<group>";
		};
		44D19950B2E13A99DC942D4A /* Frameworks */ = {
			isa = PBXGroup;
			children = (
				60786C12CFA6375DE183FF94 /* libPods-BWiOSResearchMedia.a */,
			);
			name = Frameworks;
			sourceTree = "<group>";
		};
		B48799F81E49A42A0007D41B = {
			isa = PBXGroup;
			children = (
				B4879A031E49A42B0007D41B /* BWiOSResearchMedia */,
				B4879A1D1E49A42B0007D41B /* BWiOSResearchMediaTests */,
				B4879A281E49A42B0007D41B /* BWiOSResearchMediaUITests */,
				B4879A021E49A42B0007D41B /* Products */,
				2F9B131B3945BBD4F2AC16A7 /* Pods */,
				44D19950B2E13A99DC942D4A /* Frameworks */,
			);
			sourceTree = "<group>";
		};
		B4879A021E49A42B0007D41B /* Products */ = {
			isa = PBXGroup;
			children = (
				B4879A011E49A42B0007D41B /* BWiOSResearchMedia.app */,
				B4879A1A1E49A42B0007D41B /* BWiOSResearchMediaTests.xctest */,
				B4879A251E49A42B0007D41B /* BWiOSResearchMediaUITests.xctest */,
			);
			name = Products;
			sourceTree = "<group>";
		};
		B4879A031E49A42B0007D41B /* BWiOSResearchMedia */ = {
			isa = PBXGroup;
			children = (
				B4879A3E1E49B2470007D41B /* test.mp4 */,
				B4879A071E49A42B0007D41B /* AppDelegate.h */,
				B4879A081E49A42B0007D41B /* AppDelegate.m */,
				B4879A0A1E49A42B0007D41B /* ViewController.h */,
				B4879A0B1E49A42B0007D41B /* ViewController.m */,
				B48C6A4D1E5598A300B00CB8 /* bg_image@2x.png */,
				B4879A0D1E49A42B0007D41B /* Main.storyboard */,
				B49A65351E518E47002A0E35 /* Library */,
				B49A65301E518DA5002A0E35 /* MVC */,
				B4879A371E49A5250007D41B /* Common */,
				B4879A101E49A42B0007D41B /* Assets.xcassets */,
				B4879A041E49A42B0007D41B /* Supporting Files */,
			);
			path = BWiOSResearchMedia;
			sourceTree = "<group>";
		};
		B4879A041E49A42B0007D41B /* Supporting Files */ = {
			isa = PBXGroup;
			children = (
				B4879A051E49A42B0007D41B /* main.m */,
				B4879A151E49A42B0007D41B /* Info.plist */,
				B4879A121E49A42B0007D41B /* LaunchScreen.storyboard */,
			);
			name = "Supporting Files";
			sourceTree = "<group>";
		};
		B4879A1D1E49A42B0007D41B /* BWiOSResearchMediaTests */ = {
			isa = PBXGroup;
			children = (
				B4879A1E1E49A42B0007D41B /* BWiOSResearchMediaTests.m */,
				B4879A201E49A42B0007D41B /* Info.plist */,
			);
			path = BWiOSResearchMediaTests;
			sourceTree = "<group>";
		};
		B4879A281E49A42B0007D41B /* BWiOSResearchMediaUITests */ = {
			isa = PBXGroup;
			children = (
				B4879A291E49A42B0007D41B /* BWiOSResearchMediaUITests.m */,
				B4879A2B1E49A42B0007D41B /* Info.plist */,
			);
			path = BWiOSResearchMediaUITests;
			sourceTree = "<group>";
		};
		B4879A371E49A5250007D41B /* Common */ = {
			isa = PBXGroup;
			children = (
				B4879A381E49A5250007D41B /* BMPlayer */,
				B49A65361E51A22E002A0E35 /* VideoManager */,
				B48C6A4F1E55A76500B00CB8 /* Tool */,
			);
			path = Common;
			sourceTree = "<group>";
		};
		B4879A381E49A5250007D41B /* BMPlayer */ = {
			isa = PBXGroup;
			children = (
				B4879A391E49A5250007D41B /* BMPlayer.h */,
				B4879A3A1E49A5250007D41B /* BMPlayer.m */,
			);
			path = BMPlayer;
			sourceTree = "<group>";
		};
		B48C6A4F1E55A76500B00CB8 /* Tool */ = {
			isa = PBXGroup;
			children = (
				B48C6A511E55A7D200B00CB8 /* ZFPlayer */,
			);
			path = Tool;
			sourceTree = "<group>";
		};
		B48C6A511E55A7D200B00CB8 /* ZFPlayer */ = {
			isa = PBXGroup;
			children = (
				B48C6A521E55A80600B00CB8 /* ZFPlayerView+BWExtension.h */,
				B48C6A531E55A80600B00CB8 /* ZFPlayerView+BWExtension.m */,
				B4A0DD2E1E56CEDB00C88CFF /* BWVideoPlayer.h */,
				B4A0DD2F1E56CEDB00C88CFF /* BWVideoPlayer.m */,
				B4A0DD311E56E3D700C88CFF /* btn_video_play@2x.png */,
			);
			path = ZFPlayer;
			sourceTree = "<group>";
		};
		B49A65301E518DA5002A0E35 /* MVC */ = {
			isa = PBXGroup;
			children = (
				B49A65311E518DA5002A0E35 /* ZFPlayer */,
			);
			path = MVC;
			sourceTree = "<group>";
		};
		B49A65311E518DA5002A0E35 /* ZFPlayer */ = {
			isa = PBXGroup;
			children = (
				B4B911241E52FEA2001C6988 /* ZFHomeViewController.h */,
				B4B911251E52FEA2001C6988 /* ZFHomeViewController.m */,
				B49A65321E518DC8002A0E35 /* BWZFPlayerViewController.h */,
				B49A65331E518DC8002A0E35 /* BWZFPlayerViewController.m */,
			);
			path = ZFPlayer;
			sourceTree = "<group>";
		};
		B49A65351E518E47002A0E35 /* Library */ = {
			isa = PBXGroup;
			children = (
			);
			path = Library;
			sourceTree = "<group>";
		};
		B49A65361E51A22E002A0E35 /* VideoManager */ = {
			isa = PBXGroup;
			children = (
				B49A65371E51A241002A0E35 /* BWVideoManager.h */,
				B49A65381E51A241002A0E35 /* BWVideoManager.m */,
			);
			path = VideoManager;
			sourceTree = "<group>";
		};
/* End PBXGroup section */

/* Begin PBXNativeTarget section */
		B4879A001E49A42B0007D41B /* BWiOSResearchMedia */ = {
			isa = PBXNativeTarget;
			buildConfigurationList = B4879A2E1E49A42B0007D41B /* Build configuration list for PBXNativeTarget "BWiOSResearchMedia" */;
			buildPhases = (
				3D55D8F6CB3023464101C012 /* [CP] Check Pods Manifest.lock */,
				B48799FD1E49A42B0007D41B /* Sources */,
				B48799FE1E49A42B0007D41B /* Frameworks */,
				B48799FF1E49A42B0007D41B /* Resources */,
				86342D9C6146E1EF488DD052 /* [CP] Embed Pods Frameworks */,
				E4DEF521CAB95E303D22A9BF /* [CP] Copy Pods Resources */,
			);
			buildRules = (
			);
			dependencies = (
			);
			name = BWiOSResearchMedia;
			productName = BWiOSResearchMedia;
			productReference = B4879A011E49A42B0007D41B /* BWiOSResearchMedia.app */;
			productType = "com.apple.product-type.application";
		};
		B4879A191E49A42B0007D41B /* BWiOSResearchMediaTests */ = {
			isa = PBXNativeTarget;
			buildConfigurationList = B4879A311E49A42B0007D41B /* Build configuration list for PBXNativeTarget "BWiOSResearchMediaTests" */;
			buildPhases = (
				B4879A161E49A42B0007D41B /* Sources */,
				B4879A171E49A42B0007D41B /* Frameworks */,
				B4879A181E49A42B0007D41B /* Resources */,
			);
			buildRules = (
			);
			dependencies = (
				B4879A1C1E49A42B0007D41B /* PBXTargetDependency */,
			);
			name = BWiOSResearchMediaTests;
			productName = BWiOSResearchMediaTests;
			productReference = B4879A1A1E49A42B0007D41B /* BWiOSResearchMediaTests.xctest */;
			productType = "com.apple.product-type.bundle.unit-test";
		};
		B4879A241E49A42B0007D41B /* BWiOSResearchMediaUITests */ = {
			isa = PBXNativeTarget;
			buildConfigurationList = B4879A341E49A42B0007D41B /* Build configuration list for PBXNativeTarget "BWiOSResearchMediaUITests" */;
			buildPhases = (
				B4879A211E49A42B0007D41B /* Sources */,
				B4879A221E49A42B0007D41B /* Frameworks */,
				B4879A231E49A42B0007D41B /* Resources */,
			);
			buildRules = (
			);
			dependencies = (
				B4879A271E49A42B0007D41B /* PBXTargetDependency */,
			);
			name = BWiOSResearchMediaUITests;
			productName = BWiOSResearchMediaUITests;
			productReference = B4879A251E49A42B0007D41B /* BWiOSResearchMediaUITests.xctest */;
			productType = "com.apple.product-type.bundle.ui-testing";
		};
/* End PBXNativeTarget section */

/* Begin PBXProject section */
		B48799F91E49A42A0007D41B /* Project object */ = {
			isa = PBXProject;
			attributes = {
				LastUpgradeCheck = 0820;
				ORGANIZATIONNAME = BobWong;
				TargetAttributes = {
					B4879A001E49A42B0007D41B = {
						CreatedOnToolsVersion = 8.2.1;
						DevelopmentTeam = V3E8GUFW32;
						ProvisioningStyle = Automatic;
					};
					B4879A191E49A42B0007D41B = {
						CreatedOnToolsVersion = 8.2.1;
						DevelopmentTeam = V3E8GUFW32;
						ProvisioningStyle = Automatic;
						TestTargetID = B4879A001E49A42B0007D41B;
					};
					B4879A241E49A42B0007D41B = {
						CreatedOnToolsVersion = 8.2.1;
						DevelopmentTeam = V3E8GUFW32;
						ProvisioningStyle = Automatic;
						TestTargetID = B4879A001E49A42B0007D41B;
					};
				};
			};
			buildConfigurationList = B48799FC1E49A42A0007D41B /* Build configuration list for PBXProject "BWiOSResearchMedia" */;
			compatibilityVersion = "Xcode 3.2";
			developmentRegion = English;
			hasScannedForEncodings = 0;
			knownRegions = (
				en,
				Base,
			);
			mainGroup = B48799F81E49A42A0007D41B;
			productRefGroup = B4879A021E49A42B0007D41B /* Products */;
			projectDirPath = "";
			projectRoot = "";
			targets = (
				B4879A001E49A42B0007D41B /* BWiOSResearchMedia */,
				B4879A191E49A42B0007D41B /* BWiOSResearchMediaTests */,
				B4879A241E49A42B0007D41B /* BWiOSResearchMediaUITests */,
			);
		};
/* End PBXProject section */

/* Begin PBXResourcesBuildPhase section */
		B48799FF1E49A42B0007D41B /* Resources */ = {
			isa = PBXResourcesBuildPhase;
			buildActionMask = 2147483647;
			files = (
				B4879A3F1E49B2730007D41B /* test.mp4 in Resources */,
				B4A0DD321E56E3D700C88CFF /* btn_video_play@2x.png in Resources */,
				B48C6A4E1E5598A300B00CB8 /* bg_image@2x.png in Resources */,
				B4879A141E49A42B0007D41B /* LaunchScreen.storyboard in Resources */,
				B4879A111E49A42B0007D41B /* Assets.xcassets in Resources */,
				B4879A0F1E49A42B0007D41B /* Main.storyboard in Resources */,
			);
			runOnlyForDeploymentPostprocessing = 0;
		};
		B4879A181E49A42B0007D41B /* Resources */ = {
			isa = PBXResourcesBuildPhase;
			buildActionMask = 2147483647;
			files = (
			);
			runOnlyForDeploymentPostprocessing = 0;
		};
		B4879A231E49A42B0007D41B /* Resources */ = {
			isa = PBXResourcesBuildPhase;
			buildActionMask = 2147483647;
			files = (
			);
			runOnlyForDeploymentPostprocessing = 0;
		};
/* End PBXResourcesBuildPhase section */

/* Begin PBXShellScriptBuildPhase section */
		3D55D8F6CB3023464101C012 /* [CP] Check Pods Manifest.lock */ = {
			isa = PBXShellScriptBuildPhase;
			buildActionMask = 2147483647;
			files = (
			);
			inputPaths = (
			);
			name = "[CP] Check Pods Manifest.lock";
			outputPaths = (
			);
			runOnlyForDeploymentPostprocessing = 0;
			shellPath = /bin/sh;
			shellScript = "diff \"${PODS_ROOT}/../Podfile.lock\" \"${PODS_ROOT}/Manifest.lock\" > /dev/null\nif [ $? != 0 ] ; then\n    # print error to STDERR\n    echo \"error: The sandbox is not in sync with the Podfile.lock. Run 'pod install' or update your CocoaPods installation.\" >&2\n    exit 1\nfi\n";
			showEnvVarsInLog = 0;
		};
		86342D9C6146E1EF488DD052 /* [CP] Embed Pods Frameworks */ = {
			isa = PBXShellScriptBuildPhase;
			buildActionMask = 2147483647;
			files = (
			);
			inputPaths = (
			);
			name = "[CP] Embed Pods Frameworks";
			outputPaths = (
			);
			runOnlyForDeploymentPostprocessing = 0;
			shellPath = /bin/sh;
			shellScript = "\"${SRCROOT}/Pods/Target Support Files/Pods-BWiOSResearchMedia/Pods-BWiOSResearchMedia-frameworks.sh\"\n";
			showEnvVarsInLog = 0;
		};
		E4DEF521CAB95E303D22A9BF /* [CP] Copy Pods Resources */ = {
			isa = PBXShellScriptBuildPhase;
			buildActionMask = 2147483647;
			files = (
			);
			inputPaths = (
			);
			name = "[CP] Copy Pods Resources";
			outputPaths = (
			);
			runOnlyForDeploymentPostprocessing = 0;
			shellPath = /bin/sh;
			shellScript = "\"${SRCROOT}/Pods/Target Support Files/Pods-BWiOSResearchMedia/Pods-BWiOSResearchMedia-resources.sh\"\n";
			showEnvVarsInLog = 0;
		};
/* End PBXShellScriptBuildPhase section */

/* Begin PBXSourcesBuildPhase section */
		B48799FD1E49A42B0007D41B /* Sources */ = {
			isa = PBXSourcesBuildPhase;
			buildActionMask = 2147483647;
			files = (
				B49A65391E51A241002A0E35 /* BWVideoManager.m in Sources */,
				B4B911261E52FEA2001C6988 /* ZFHomeViewController.m in Sources */,
				B4879A0C1E49A42B0007D41B /* ViewController.m in Sources */,
				B4879A091E49A42B0007D41B /* AppDelegate.m in Sources */,
				B49A65341E518DC8002A0E35 /* BWZFPlayerViewController.m in Sources */,
				B48C6A541E55A80600B00CB8 /* ZFPlayerView+BWExtension.m in Sources */,
				B4879A061E49A42B0007D41B /* main.m in Sources */,
				B4A0DD301E56CEDB00C88CFF /* BWVideoPlayer.m in Sources */,
			);
			runOnlyForDeploymentPostprocessing = 0;
		};
		B4879A161E49A42B0007D41B /* Sources */ = {
			isa = PBXSourcesBuildPhase;
			buildActionMask = 2147483647;
			files = (
				B4879A1F1E49A42B0007D41B /* BWiOSResearchMediaTests.m in Sources */,
			);
			runOnlyForDeploymentPostprocessing = 0;
		};
		B4879A211E49A42B0007D41B /* Sources */ = {
			isa = PBXSourcesBuildPhase;
			buildActionMask = 2147483647;
			files = (
				B4879A2A1E49A42B0007D41B /* BWiOSResearchMediaUITests.m in Sources */,
			);
			runOnlyForDeploymentPostprocessing = 0;
		};
/* End PBXSourcesBuildPhase section */

/* Begin PBXTargetDependency section */
		B4879A1C1E49A42B0007D41B /* PBXTargetDependency */ = {
			isa = PBXTargetDependency;
			target = B4879A001E49A42B0007D41B /* BWiOSResearchMedia */;
			targetProxy = B4879A1B1E49A42B0007D41B /* PBXContainerItemProxy */;
		};
		B4879A271E49A42B0007D41B /* PBXTargetDependency */ = {
			isa = PBXTargetDependency;
			target = B4879A001E49A42B0007D41B /* BWiOSResearchMedia */;
			targetProxy = B4879A261E49A42B0007D41B /* PBXContainerItemProxy */;
		};
/* End PBXTargetDependency section */

/* Begin PBXVariantGroup section */
		B4879A0D1E49A42B0007D41B /* Main.storyboard */ = {
			isa = PBXVariantGroup;
			children = (
				B4879A0E1E49A42B0007D41B /* Base */,
			);
			name = Main.storyboard;
			sourceTree = "<group>";
		};
		B4879A121E49A42B0007D41B /* LaunchScreen.storyboard */ = {
			isa = PBXVariantGroup;
			children = (
				B4879A131E49A42B0007D41B /* Base */,
			);
			name = LaunchScreen.storyboard;
			sourceTree = "<group>";
		};
/* End PBXVariantGroup section */

/* Begin XCBuildConfiguration section */
		B4879A2C1E49A42B0007D41B /* Debug */ = {
			isa = XCBuildConfiguration;
			buildSettings = {
				ALWAYS_SEARCH_USER_PATHS = NO;
				CLANG_ANALYZER_NONNULL = YES;
				CLANG_CXX_LANGUAGE_STANDARD = "gnu++0x";
				CLANG_CXX_LIBRARY = "libc++";
				CLANG_ENABLE_MODULES = YES;
				CLANG_ENABLE_OBJC_ARC = YES;
				CLANG_WARN_BOOL_CONVERSION = YES;
				CLANG_WARN_CONSTANT_CONVERSION = YES;
				CLANG_WARN_DIRECT_OBJC_ISA_USAGE = YES_ERROR;
				CLANG_WARN_DOCUMENTATION_COMMENTS = YES;
				CLANG_WARN_EMPTY_BODY = YES;
				CLANG_WARN_ENUM_CONVERSION = YES;
				CLANG_WARN_INFINITE_RECURSION = YES;
				CLANG_WARN_INT_CONVERSION = YES;
				CLANG_WARN_OBJC_ROOT_CLASS = YES_ERROR;
				CLANG_WARN_SUSPICIOUS_MOVE = YES;
				CLANG_WARN_UNREACHABLE_CODE = YES;
				CLANG_WARN__DUPLICATE_METHOD_MATCH = YES;
				"CODE_SIGN_IDENTITY[sdk=iphoneos*]" = "iPhone Developer";
				COPY_PHASE_STRIP = NO;
				DEBUG_INFORMATION_FORMAT = dwarf;
				ENABLE_STRICT_OBJC_MSGSEND = YES;
				ENABLE_TESTABILITY = YES;
				GCC_C_LANGUAGE_STANDARD = gnu99;
				GCC_DYNAMIC_NO_PIC = NO;
				GCC_NO_COMMON_BLOCKS = YES;
				GCC_OPTIMIZATION_LEVEL = 0;
				GCC_PREPROCESSOR_DEFINITIONS = (
					"DEBUG=1",
					"$(inherited)",
				);
				GCC_WARN_64_TO_32_BIT_CONVERSION = YES;
				GCC_WARN_ABOUT_RETURN_TYPE = YES_ERROR;
				GCC_WARN_UNDECLARED_SELECTOR = YES;
				GCC_WARN_UNINITIALIZED_AUTOS = YES_AGGRESSIVE;
				GCC_WARN_UNUSED_FUNCTION = YES;
				GCC_WARN_UNUSED_VARIABLE = YES;
				IPHONEOS_DEPLOYMENT_TARGET = 10.2;
				MTL_ENABLE_DEBUG_INFO = YES;
				ONLY_ACTIVE_ARCH = YES;
				SDKROOT = iphoneos;
			};
			name = Debug;
		};
		B4879A2D1E49A42B0007D41B /* Release */ = {
			isa = XCBuildConfiguration;
			buildSettings = {
				ALWAYS_SEARCH_USER_PATHS = NO;
				CLANG_ANALYZER_NONNULL = YES;
				CLANG_CXX_LANGUAGE_STANDARD = "gnu++0x";
				CLANG_CXX_LIBRARY = "libc++";
				CLANG_ENABLE_MODULES = YES;
				CLANG_ENABLE_OBJC_ARC = YES;
				CLANG_WARN_BOOL_CONVERSION = YES;
				CLANG_WARN_CONSTANT_CONVERSION = YES;
				CLANG_WARN_DIRECT_OBJC_ISA_USAGE = YES_ERROR;
				CLANG_WARN_DOCUMENTATION_COMMENTS = YES;
				CLANG_WARN_EMPTY_BODY = YES;
				CLANG_WARN_ENUM_CONVERSION = YES;
				CLANG_WARN_INFINITE_RECURSION = YES;
				CLANG_WARN_INT_CONVERSION = YES;
				CLANG_WARN_OBJC_ROOT_CLASS = YES_ERROR;
				CLANG_WARN_SUSPICIOUS_MOVE = YES;
				CLANG_WARN_UNREACHABLE_CODE = YES;
				CLANG_WARN__DUPLICATE_METHOD_MATCH = YES;
				"CODE_SIGN_IDENTITY[sdk=iphoneos*]" = "iPhone Developer";
				COPY_PHASE_STRIP = NO;
				DEBUG_INFORMATION_FORMAT = "dwarf-with-dsym";
				ENABLE_NS_ASSERTIONS = NO;
				ENABLE_STRICT_OBJC_MSGSEND = YES;
				GCC_C_LANGUAGE_STANDARD = gnu99;
				GCC_NO_COMMON_BLOCKS = YES;
				GCC_WARN_64_TO_32_BIT_CONVERSION = YES;
				GCC_WARN_ABOUT_RETURN_TYPE = YES_ERROR;
				GCC_WARN_UNDECLARED_SELECTOR = YES;
				GCC_WARN_UNINITIALIZED_AUTOS = YES_AGGRESSIVE;
				GCC_WARN_UNUSED_FUNCTION = YES;
				GCC_WARN_UNUSED_VARIABLE = YES;
				IPHONEOS_DEPLOYMENT_TARGET = 10.2;
				MTL_ENABLE_DEBUG_INFO = NO;
				SDKROOT = iphoneos;
				VALIDATE_PRODUCT = YES;
			};
			name = Release;
		};
		B4879A2F1E49A42B0007D41B /* Debug */ = {
			isa = XCBuildConfiguration;
			baseConfigurationReference = 56F143C51E3F780461781FFA /* Pods-BWiOSResearchMedia.debug.xcconfig */;
			buildSettings = {
				ASSETCATALOG_COMPILER_APPICON_NAME = AppIcon;
				DEVELOPMENT_TEAM = V3E8GUFW32;
				INFOPLIST_FILE = BWiOSResearchMedia/Info.plist;
				IPHONEOS_DEPLOYMENT_TARGET = 8.0;
				LD_RUNPATH_SEARCH_PATHS = "$(inherited) @executable_path/Frameworks";
				PRODUCT_BUNDLE_IDENTIFIER = com.bws.BWiOSResearchMedia;
				PRODUCT_NAME = "$(TARGET_NAME)";
			};
			name = Debug;
		};
		B4879A301E49A42B0007D41B /* Release */ = {
			isa = XCBuildConfiguration;
			baseConfigurationReference = 845EBFBC481F9A67D2B1AEA5 /* Pods-BWiOSResearchMedia.release.xcconfig */;
			buildSettings = {
				ASSETCATALOG_COMPILER_APPICON_NAME = AppIcon;
				DEVELOPMENT_TEAM = V3E8GUFW32;
				INFOPLIST_FILE = BWiOSResearchMedia/Info.plist;
				IPHONEOS_DEPLOYMENT_TARGET = 8.0;
				LD_RUNPATH_SEARCH_PATHS = "$(inherited) @executable_path/Frameworks";
				PRODUCT_BUNDLE_IDENTIFIER = com.bws.BWiOSResearchMedia;
				PRODUCT_NAME = "$(TARGET_NAME)";
			};
			name = Release;
		};
		B4879A321E49A42B0007D41B /* Debug */ = {
			isa = XCBuildConfiguration;
			buildSettings = {
				BUNDLE_LOADER = "$(TEST_HOST)";
				DEVELOPMENT_TEAM = V3E8GUFW32;
				INFOPLIST_FILE = BWiOSResearchMediaTests/Info.plist;
				LD_RUNPATH_SEARCH_PATHS = "$(inherited) @executable_path/Frameworks @loader_path/Frameworks";
				PRODUCT_BUNDLE_IDENTIFIER = com.bws.BWiOSResearchMediaTests;
				PRODUCT_NAME = "$(TARGET_NAME)";
				TEST_HOST = "$(BUILT_PRODUCTS_DIR)/BWiOSResearchMedia.app/BWiOSResearchMedia";
			};
			name = Debug;
		};
		B4879A331E49A42B0007D41B /* Release */ = {
			isa = XCBuildConfiguration;
			buildSettings = {
				BUNDLE_LOADER = "$(TEST_HOST)";
				DEVELOPMENT_TEAM = V3E8GUFW32;
				INFOPLIST_FILE = BWiOSResearchMediaTests/Info.plist;
				LD_RUNPATH_SEARCH_PATHS = "$(inherited) @executable_path/Frameworks @loader_path/Frameworks";
				PRODUCT_BUNDLE_IDENTIFIER = com.bws.BWiOSResearchMediaTests;
				PRODUCT_NAME = "$(TARGET_NAME)";
				TEST_HOST = "$(BUILT_PRODUCTS_DIR)/BWiOSResearchMedia.app/BWiOSResearchMedia";
			};
			name = Release;
		};
		B4879A351E49A42B0007D41B /* Debug */ = {
			isa = XCBuildConfiguration;
			buildSettings = {
				DEVELOPMENT_TEAM = V3E8GUFW32;
				INFOPLIST_FILE = BWiOSResearchMediaUITests/Info.plist;
				LD_RUNPATH_SEARCH_PATHS = "$(inherited) @executable_path/Frameworks @loader_path/Frameworks";
				PRODUCT_BUNDLE_IDENTIFIER = com.bws.BWiOSResearchMediaUITests;
				PRODUCT_NAME = "$(TARGET_NAME)";
				TEST_TARGET_NAME = BWiOSResearchMedia;
			};
			name = Debug;
		};
		B4879A361E49A42B0007D41B /* Release */ = {
			isa = XCBuildConfiguration;
			buildSettings = {
				DEVELOPMENT_TEAM = V3E8GUFW32;
				INFOPLIST_FILE = BWiOSResearchMediaUITests/Info.plist;
				LD_RUNPATH_SEARCH_PATHS = "$(inherited) @executable_path/Frameworks @loader_path/Frameworks";
				PRODUCT_BUNDLE_IDENTIFIER = com.bws.BWiOSResearchMediaUITests;
				PRODUCT_NAME = "$(TARGET_NAME)";
				TEST_TARGET_NAME = BWiOSResearchMedia;
			};
			name = Release;
		};
/* End XCBuildConfiguration section */

/* Begin XCConfigurationList section */
		B48799FC1E49A42A0007D41B /* Build configuration list for PBXProject "BWiOSResearchMedia" */ = {
			isa = XCConfigurationList;
			buildConfigurations = (
				B4879A2C1E49A42B0007D41B /* Debug */,
				B4879A2D1E49A42B0007D41B /* Release */,
			);
			defaultConfigurationIsVisible = 0;
			defaultConfigurationName = Release;
		};
		B4879A2E1E49A42B0007D41B /* Build configuration list for PBXNativeTarget "BWiOSResearchMedia" */ = {
			isa = XCConfigurationList;
			buildConfigurations = (
				B4879A2F1E49A42B0007D41B /* Debug */,
				B4879A301E49A42B0007D41B /* Release */,
			);
			defaultConfigurationIsVisible = 0;
			defaultConfigurationName = Release;
		};
		B4879A311E49A42B0007D41B /* Build configuration list for PBXNativeTarget "BWiOSResearchMediaTests" */ = {
			isa = XCConfigurationList;
			buildConfigurations = (
				B4879A321E49A42B0007D41B /* Debug */,
				B4879A331E49A42B0007D41B /* Release */,
			);
			defaultConfigurationIsVisible = 0;
			defaultConfigurationName = Release;
		};
		B4879A341E49A42B0007D41B /* Build configuration list for PBXNativeTarget "BWiOSResearchMediaUITests" */ = {
			isa = XCConfigurationList;
			buildConfigurations = (
				B4879A351E49A42B0007D41B /* Debug */,
				B4879A361E49A42B0007D41B /* Release */,
			);
			defaultConfigurationIsVisible = 0;
			defaultConfigurationName = Release;
		};
/* End XCConfigurationList section */
	};
	rootObject = B48799F91E49A42A0007D41B /* Project object */;
}
