// !$*UTF8*$!
{
	archiveVersion = 1;
	classes = {
	};
	objectVersion = 46;
	objects = {

/* Begin PBXBuildFile section */
		B443A1DB1D548382003D66C5 /* main.m in Sources */ = {isa = PBXBuildFile; fileRef = B443A1DA1D548382003D66C5 /* main.m */; };
		B443A1DE1D548382003D66C5 /* AppDelegate.m in Sources */ = {isa = PBXBuildFile; fileRef = B443A1DD1D548382003D66C5 /* AppDelegate.m */; };
		B443A1E61D548382003D66C5 /* Assets.xcassets in Resources */ = {isa = PBXBuildFile; fileRef = B443A1E51D548382003D66C5 /* Assets.xcassets */; };
		B443A1E91D548382003D66C5 /* LaunchScreen.storyboard in Resources */ = {isa = PBXBuildFile; fileRef = B443A1E71D548382003D66C5 /* LaunchScreen.storyboard */; };
		B443A1F41D548382003D66C5 /* BWObjective_CResearch_iOSTests.m in Sources */ = {isa = PBXBuildFile; fileRef = B443A1F31D548382003D66C5 /* BWObjective_CResearch_iOSTests.m */; };
		B443A1FF1D548382003D66C5 /* BWObjective_CResearch_iOSUITests.m in Sources */ = {isa = PBXBuildFile; fileRef = B443A1FE1D548382003D66C5 /* BWObjective_CResearch_iOSUITests.m */; };
		B461B6721DDD50FB00FB7BC1 /* BWResearchVC.m in Sources */ = {isa = PBXBuildFile; fileRef = B461B6711DDD50FB00FB7BC1 /* BWResearchVC.m */; };
		B46B25521DB5DCD800B9FF54 /* BWBaseViewController.m in Sources */ = {isa = PBXBuildFile; fileRef = B46B25511DB5DCD800B9FF54 /* BWBaseViewController.m */; };
		B46B25551DB5ED6500B9FF54 /* BWBaseNavigationController.m in Sources */ = {isa = PBXBuildFile; fileRef = B46B25541DB5ED6500B9FF54 /* BWBaseNavigationController.m */; };
		B46B25601DB5EDDD00B9FF54 /* BWHomeViewController.m in Sources */ = {isa = PBXBuildFile; fileRef = B46B25591DB5EDDD00B9FF54 /* BWHomeViewController.m */; };
		B46B25611DB5EDDD00B9FF54 /* BWHomeViewController.xib in Resources */ = {isa = PBXBuildFile; fileRef = B46B255A1DB5EDDD00B9FF54 /* BWHomeViewController.xib */; };
		B46B25621DB5EDDD00B9FF54 /* BWHomeTableViewCell.m in Sources */ = {isa = PBXBuildFile; fileRef = B46B255E1DB5EDDD00B9FF54 /* BWHomeTableViewCell.m */; };
		B46B25631DB5EDDD00B9FF54 /* BWHomeTableViewCell.xib in Resources */ = {isa = PBXBuildFile; fileRef = B46B255F1DB5EDDD00B9FF54 /* BWHomeTableViewCell.xib */; };
		B46B25681DB5EE1C00B9FF54 /* BWMeController.m in Sources */ = {isa = PBXBuildFile; fileRef = B46B25671DB5EE1C00B9FF54 /* BWMeController.m */; };
		B46B25CC1DB620CA00B9FF54 /* BWMeSecondViewController.m in Sources */ = {isa = PBXBuildFile; fileRef = B46B25CB1DB620CA00B9FF54 /* BWMeSecondViewController.m */; };
		B46B25D11DB72CE800B9FF54 /* bw_icon_back_100@2x.png in Resources */ = {isa = PBXBuildFile; fileRef = B46B25D01DB72CE800B9FF54 /* bw_icon_back_100@2x.png */; };
		B4AC5FB61DB4CC5100D880FB /* _JZNavigationInteractiveTransition.m in Sources */ = {isa = PBXBuildFile; fileRef = B4AC5FA91DB4CC5100D880FB /* _JZNavigationInteractiveTransition.m */; };
		B4AC5FB71DB4CC5200D880FB /* _JZValue.m in Sources */ = {isa = PBXBuildFile; fileRef = B4AC5FAB1DB4CC5100D880FB /* _JZValue.m */; };
		B4AC5FB81DB4CC5200D880FB /* NSNumber+JZExtension.m in Sources */ = {isa = PBXBuildFile; fileRef = B4AC5FAD1DB4CC5100D880FB /* NSNumber+JZExtension.m */; };
		B4AC5FB91DB4CC5200D880FB /* UINavigationBar+JZExtension.m in Sources */ = {isa = PBXBuildFile; fileRef = B4AC5FAF1DB4CC5100D880FB /* UINavigationBar+JZExtension.m */; };
		B4AC5FBA1DB4CC5200D880FB /* UIToolbar+JZExtension.m in Sources */ = {isa = PBXBuildFile; fileRef = B4AC5FB11DB4CC5100D880FB /* UIToolbar+JZExtension.m */; };
		B4AC5FBB1DB4CC5200D880FB /* UINavigationController+JZExtension.m in Sources */ = {isa = PBXBuildFile; fileRef = B4AC5FB31DB4CC5100D880FB /* UINavigationController+JZExtension.m */; };
		B4AC5FBC1DB4CC5200D880FB /* UIViewController+JZExtension.m in Sources */ = {isa = PBXBuildFile; fileRef = B4AC5FB51DB4CC5100D880FB /* UIViewController+JZExtension.m */; };
		B4AC5FC01DB4D01200D880FB /* UIViewController+BWExtension.m in Sources */ = {isa = PBXBuildFile; fileRef = B4AC5FBF1DB4D01200D880FB /* UIViewController+BWExtension.m */; };
		B4B631311DAE384F00DF0907 /* UITableViewCell+JZExtension.m in Sources */ = {isa = PBXBuildFile; fileRef = B4B6312D1DAE384F00DF0907 /* UITableViewCell+JZExtension.m */; };
		B4B631321DAE384F00DF0907 /* UITableViewRowAction+JZExtension.m in Sources */ = {isa = PBXBuildFile; fileRef = B4B6312F1DAE384F00DF0907 /* UITableViewRowAction+JZExtension.m */; };
		B4B631331DAE384F00DF0907 /* UITableViewRowAction.m in Sources */ = {isa = PBXBuildFile; fileRef = B4B631301DAE384F00DF0907 /* UITableViewRowAction.m */; };
/* End PBXBuildFile section */

/* Begin PBXContainerItemProxy section */
		B443A1F01D548382003D66C5 /* PBXContainerItemProxy */ = {
			isa = PBXContainerItemProxy;
			containerPortal = B443A1CE1D548382003D66C5 /* Project object */;
			proxyType = 1;
			remoteGlobalIDString = B443A1D51D548382003D66C5;
			remoteInfo = "BWObjective-CResearch-iOS";
		};
		B443A1FB1D548382003D66C5 /* PBXContainerItemProxy */ = {
			isa = PBXContainerItemProxy;
			containerPortal = B443A1CE1D548382003D66C5 /* Project object */;
			proxyType = 1;
			remoteGlobalIDString = B443A1D51D548382003D66C5;
			remoteInfo = "BWObjective-CResearch-iOS";
		};
/* End PBXContainerItemProxy section */

/* Begin PBXFileReference section */
		B443A1D61D548382003D66C5 /* BWObjective-CResearch-iOS.app */ = {isa = PBXFileReference; explicitFileType = wrapper.application; includeInIndex = 0; path = "BWObjective-CResearch-iOS.app"; sourceTree = BUILT_PRODUCTS_DIR; };
		B443A1DA1D548382003D66C5 /* main.m */ = {isa = PBXFileReference; lastKnownFileType = sourcecode.c.objc; path = main.m; sourceTree = "<group>"; };
		B443A1DC1D548382003D66C5 /* AppDelegate.h */ = {isa = PBXFileReference; lastKnownFileType = sourcecode.c.h; path = AppDelegate.h; sourceTree = "<group>"; };
		B443A1DD1D548382003D66C5 /* AppDelegate.m */ = {isa = PBXFileReference; lastKnownFileType = sourcecode.c.objc; path = AppDelegate.m; sourceTree = "<group>"; };
		B443A1E51D548382003D66C5 /* Assets.xcassets */ = {isa = PBXFileReference; lastKnownFileType = folder.assetcatalog; path = Assets.xcassets; sourceTree = "<group>"; };
		B443A1E81D548382003D66C5 /* Base */ = {isa = PBXFileReference; lastKnownFileType = file.storyboard; name = Base; path = Base.lproj/LaunchScreen.storyboard; sourceTree = "<group>"; };
		B443A1EA1D548382003D66C5 /* Info.plist */ = {isa = PBXFileReference; lastKnownFileType = text.plist.xml; path = Info.plist; sourceTree = "<group>"; };
		B443A1EF1D548382003D66C5 /* BWObjective-CResearch-iOSTests.xctest */ = {isa = PBXFileReference; explicitFileType = wrapper.cfbundle; includeInIndex = 0; path = "BWObjective-CResearch-iOSTests.xctest"; sourceTree = BUILT_PRODUCTS_DIR; };
		B443A1F31D548382003D66C5 /* BWObjective_CResearch_iOSTests.m */ = {isa = PBXFileReference; lastKnownFileType = sourcecode.c.objc; path = BWObjective_CResearch_iOSTests.m; sourceTree = "<group>"; };
		B443A1F51D548382003D66C5 /* Info.plist */ = {isa = PBXFileReference; lastKnownFileType = text.plist.xml; path = Info.plist; sourceTree = "<group>"; };
		B443A1FA1D548382003D66C5 /* BWObjective-CResearch-iOSUITests.xctest */ = {isa = PBXFileReference; explicitFileType = wrapper.cfbundle; includeInIndex = 0; path = "BWObjective-CResearch-iOSUITests.xctest"; sourceTree = BUILT_PRODUCTS_DIR; };
		B443A1FE1D548382003D66C5 /* BWObjective_CResearch_iOSUITests.m */ = {isa = PBXFileReference; lastKnownFileType = sourcecode.c.objc; path = BWObjective_CResearch_iOSUITests.m; sourceTree = "<group>"; };
		B443A2001D548382003D66C5 /* Info.plist */ = {isa = PBXFileReference; lastKnownFileType = text.plist.xml; path = Info.plist; sourceTree = "<group>"; };
		B461B6701DDD50FB00FB7BC1 /* BWResearchVC.h */ = {isa = PBXFileReference; fileEncoding = 4; lastKnownFileType = sourcecode.c.h; path = BWResearchVC.h; sourceTree = "<group>"; };
		B461B6711DDD50FB00FB7BC1 /* BWResearchVC.m */ = {isa = PBXFileReference; fileEncoding = 4; lastKnownFileType = sourcecode.c.objc; path = BWResearchVC.m; sourceTree = "<group>"; };
		B46B25501DB5DCD800B9FF54 /* BWBaseViewController.h */ = {isa = PBXFileReference; fileEncoding = 4; lastKnownFileType = sourcecode.c.h; path = BWBaseViewController.h; sourceTree = "<group>"; };
		B46B25511DB5DCD800B9FF54 /* BWBaseViewController.m */ = {isa = PBXFileReference; fileEncoding = 4; lastKnownFileType = sourcecode.c.objc; path = BWBaseViewController.m; sourceTree = "<group>"; };
		B46B25531DB5ED6500B9FF54 /* BWBaseNavigationController.h */ = {isa = PBXFileReference; fileEncoding = 4; lastKnownFileType = sourcecode.c.h; path = BWBaseNavigationController.h; sourceTree = "<group>"; };
		B46B25541DB5ED6500B9FF54 /* BWBaseNavigationController.m */ = {isa = PBXFileReference; fileEncoding = 4; lastKnownFileType = sourcecode.c.objc; path = BWBaseNavigationController.m; sourceTree = "<group>"; };
		B46B25581DB5EDDD00B9FF54 /* BWHomeViewController.h */ = {isa = PBXFileReference; fileEncoding = 4; lastKnownFileType = sourcecode.c.h; path = BWHomeViewController.h; sourceTree = "<group>"; };
		B46B25591DB5EDDD00B9FF54 /* BWHomeViewController.m */ = {isa = PBXFileReference; fileEncoding = 4; lastKnownFileType = sourcecode.c.objc; path = BWHomeViewController.m; sourceTree = "<group>"; };
		B46B255A1DB5EDDD00B9FF54 /* BWHomeViewController.xib */ = {isa = PBXFileReference; fileEncoding = 4; lastKnownFileType = file.xib; path = BWHomeViewController.xib; sourceTree = "<group>"; };
		B46B255D1DB5EDDD00B9FF54 /* BWHomeTableViewCell.h */ = {isa = PBXFileReference; fileEncoding = 4; lastKnownFileType = sourcecode.c.h; path = BWHomeTableViewCell.h; sourceTree = "<group>"; };
		B46B255E1DB5EDDD00B9FF54 /* BWHomeTableViewCell.m */ = {isa = PBXFileReference; fileEncoding = 4; lastKnownFileType = sourcecode.c.objc; path = BWHomeTableViewCell.m; sourceTree = "<group>"; };
		B46B255F1DB5EDDD00B9FF54 /* BWHomeTableViewCell.xib */ = {isa = PBXFileReference; fileEncoding = 4; lastKnownFileType = file.xib; path = BWHomeTableViewCell.xib; sourceTree = "<group>"; };
		B46B25661DB5EE1C00B9FF54 /* BWMeController.h */ = {isa = PBXFileReference; fileEncoding = 4; lastKnownFileType = sourcecode.c.h; path = BWMeController.h; sourceTree = "<group>"; };
		B46B25671DB5EE1C00B9FF54 /* BWMeController.m */ = {isa = PBXFileReference; fileEncoding = 4; lastKnownFileType = sourcecode.c.objc; path = BWMeController.m; sourceTree = "<group>"; };
		B46B25CA1DB620CA00B9FF54 /* BWMeSecondViewController.h */ = {isa = PBXFileReference; fileEncoding = 4; lastKnownFileType = sourcecode.c.h; path = BWMeSecondViewController.h; sourceTree = "<group>"; };
		B46B25CB1DB620CA00B9FF54 /* BWMeSecondViewController.m */ = {isa = PBXFileReference; fileEncoding = 4; lastKnownFileType = sourcecode.c.objc; path = BWMeSecondViewController.m; sourceTree = "<group>"; };
		B46B25D01DB72CE800B9FF54 /* bw_icon_back_100@2x.png */ = {isa = PBXFileReference; lastKnownFileType = image.png; path = "bw_icon_back_100@2x.png"; sourceTree = "<group>"; };
		B4AC5FA51DB4CC5100D880FB /* JZNavigationExtension.h */ = {isa = PBXFileReference; fileEncoding = 4; lastKnownFileType = sourcecode.c.h; path = JZNavigationExtension.h; sourceTree = "<group>"; };
		B4AC5FA71DB4CC5100D880FB /* _JZ-objc-internal.h */ = {isa = PBXFileReference; fileEncoding = 4; lastKnownFileType = sourcecode.c.h; path = "_JZ-objc-internal.h"; sourceTree = "<group>"; };
		B4AC5FA81DB4CC5100D880FB /* _JZNavigationInteractiveTransition.h */ = {isa = PBXFileReference; fileEncoding = 4; lastKnownFileType = sourcecode.c.h; path = _JZNavigationInteractiveTransition.h; sourceTree = "<group>"; };
		B4AC5FA91DB4CC5100D880FB /* _JZNavigationInteractiveTransition.m */ = {isa = PBXFileReference; fileEncoding = 4; lastKnownFileType = sourcecode.c.objc; path = _JZNavigationInteractiveTransition.m; sourceTree = "<group>"; };
		B4AC5FAA1DB4CC5100D880FB /* _JZValue.h */ = {isa = PBXFileReference; fileEncoding = 4; lastKnownFileType = sourcecode.c.h; path = _JZValue.h; sourceTree = "<group>"; };
		B4AC5FAB1DB4CC5100D880FB /* _JZValue.m */ = {isa = PBXFileReference; fileEncoding = 4; lastKnownFileType = sourcecode.c.objc; path = _JZValue.m; sourceTree = "<group>"; };
		B4AC5FAC1DB4CC5100D880FB /* NSNumber+JZExtension.h */ = {isa = PBXFileReference; fileEncoding = 4; lastKnownFileType = sourcecode.c.h; path = "NSNumber+JZExtension.h"; sourceTree = "<group>"; };
		B4AC5FAD1DB4CC5100D880FB /* NSNumber+JZExtension.m */ = {isa = PBXFileReference; fileEncoding = 4; lastKnownFileType = sourcecode.c.objc; path = "NSNumber+JZExtension.m"; sourceTree = "<group>"; };
		B4AC5FAE1DB4CC5100D880FB /* UINavigationBar+JZExtension.h */ = {isa = PBXFileReference; fileEncoding = 4; lastKnownFileType = sourcecode.c.h; path = "UINavigationBar+JZExtension.h"; sourceTree = "<group>"; };
		B4AC5FAF1DB4CC5100D880FB /* UINavigationBar+JZExtension.m */ = {isa = PBXFileReference; fileEncoding = 4; lastKnownFileType = sourcecode.c.objc; path = "UINavigationBar+JZExtension.m"; sourceTree = "<group>"; };
		B4AC5FB01DB4CC5100D880FB /* UIToolbar+JZExtension.h */ = {isa = PBXFileReference; fileEncoding = 4; lastKnownFileType = sourcecode.c.h; path = "UIToolbar+JZExtension.h"; sourceTree = "<group>"; };
		B4AC5FB11DB4CC5100D880FB /* UIToolbar+JZExtension.m */ = {isa = PBXFileReference; fileEncoding = 4; lastKnownFileType = sourcecode.c.objc; path = "UIToolbar+JZExtension.m"; sourceTree = "<group>"; };
		B4AC5FB21DB4CC5100D880FB /* UINavigationController+JZExtension.h */ = {isa = PBXFileReference; fileEncoding = 4; lastKnownFileType = sourcecode.c.h; path = "UINavigationController+JZExtension.h"; sourceTree = "<group>"; };
		B4AC5FB31DB4CC5100D880FB /* UINavigationController+JZExtension.m */ = {isa = PBXFileReference; fileEncoding = 4; lastKnownFileType = sourcecode.c.objc; path = "UINavigationController+JZExtension.m"; sourceTree = "<group>"; };
		B4AC5FB41DB4CC5100D880FB /* UIViewController+JZExtension.h */ = {isa = PBXFileReference; fileEncoding = 4; lastKnownFileType = sourcecode.c.h; path = "UIViewController+JZExtension.h"; sourceTree = "<group>"; };
		B4AC5FB51DB4CC5100D880FB /* UIViewController+JZExtension.m */ = {isa = PBXFileReference; fileEncoding = 4; lastKnownFileType = sourcecode.c.objc; path = "UIViewController+JZExtension.m"; sourceTree = "<group>"; };
		B4AC5FBE1DB4D01200D880FB /* UIViewController+BWExtension.h */ = {isa = PBXFileReference; fileEncoding = 4; lastKnownFileType = sourcecode.c.h; path = "UIViewController+BWExtension.h"; sourceTree = "<group>"; };
		B4AC5FBF1DB4D01200D880FB /* UIViewController+BWExtension.m */ = {isa = PBXFileReference; fileEncoding = 4; lastKnownFileType = sourcecode.c.objc; path = "UIViewController+BWExtension.m"; sourceTree = "<group>"; };
		B4B6312D1DAE384F00DF0907 /* UITableViewCell+JZExtension.m */ = {isa = PBXFileReference; fileEncoding = 4; lastKnownFileType = sourcecode.c.objc; path = "UITableViewCell+JZExtension.m"; sourceTree = "<group>"; };
		B4B6312E1DAE384F00DF0907 /* UITableViewRowAction+JZExtension.h */ = {isa = PBXFileReference; fileEncoding = 4; lastKnownFileType = sourcecode.c.h; path = "UITableViewRowAction+JZExtension.h"; sourceTree = "<group>"; };
		B4B6312F1DAE384F00DF0907 /* UITableViewRowAction+JZExtension.m */ = {isa = PBXFileReference; fileEncoding = 4; lastKnownFileType = sourcecode.c.objc; path = "UITableViewRowAction+JZExtension.m"; sourceTree = "<group>"; };
		B4B631301DAE384F00DF0907 /* UITableViewRowAction.m */ = {isa = PBXFileReference; fileEncoding = 4; lastKnownFileType = sourcecode.c.objc; path = UITableViewRowAction.m; sourceTree = "<group>"; };
/* End PBXFileReference section */

/* Begin PBXFrameworksBuildPhase section */
		B443A1D31D548382003D66C5 /* Frameworks */ = {
			isa = PBXFrameworksBuildPhase;
			buildActionMask = 2147483647;
			files = (
			);
			runOnlyForDeploymentPostprocessing = 0;
		};
		B443A1EC1D548382003D66C5 /* Frameworks */ = {
			isa = PBXFrameworksBuildPhase;
			buildActionMask = 2147483647;
			files = (
			);
			runOnlyForDeploymentPostprocessing = 0;
		};
		B443A1F71D548382003D66C5 /* Frameworks */ = {
			isa = PBXFrameworksBuildPhase;
			buildActionMask = 2147483647;
			files = (
			);
			runOnlyForDeploymentPostprocessing = 0;
		};
/* End PBXFrameworksBuildPhase section */

/* Begin PBXGroup section */
		B443A1CD1D548382003D66C5 = {
			isa = PBXGroup;
			children = (
				B443A1D81D548382003D66C5 /* BWObjective-CResearch-iOS */,
				B443A1F21D548382003D66C5 /* BWObjective-CResearch-iOSTests */,
				B443A1FD1D548382003D66C5 /* BWObjective-CResearch-iOSUITests */,
				B443A1D71D548382003D66C5 /* Products */,
			);
			sourceTree = "<group>";
		};
		B443A1D71D548382003D66C5 /* Products */ = {
			isa = PBXGroup;
			children = (
				B443A1D61D548382003D66C5 /* BWObjective-CResearch-iOS.app */,
				B443A1EF1D548382003D66C5 /* BWObjective-CResearch-iOSTests.xctest */,
				B443A1FA1D548382003D66C5 /* BWObjective-CResearch-iOSUITests.xctest */,
			);
			name = Products;
			sourceTree = "<group>";
		};
		B443A1D81D548382003D66C5 /* BWObjective-CResearch-iOS */ = {
			isa = PBXGroup;
			children = (
				B443A1DC1D548382003D66C5 /* AppDelegate.h */,
				B443A1DD1D548382003D66C5 /* AppDelegate.m */,
				B4B630D41DAE1FDB00DF0907 /* MVC */,
				B4AC5FBD1DB4CFFA00D880FB /* Category */,
				B4FF7E891DACDD220015089F /* Library */,
				B46B25CD1DB72C9A00B9FF54 /* Resource */,
				B443A1E51D548382003D66C5 /* Assets.xcassets */,
				B443A1D91D548382003D66C5 /* Supporting Files */,
			);
			path = "BWObjective-CResearch-iOS";
			sourceTree = "<group>";
		};
		B443A1D91D548382003D66C5 /* Supporting Files */ = {
			isa = PBXGroup;
			children = (
				B443A1DA1D548382003D66C5 /* main.m */,
				B443A1EA1D548382003D66C5 /* Info.plist */,
				B443A1E71D548382003D66C5 /* LaunchScreen.storyboard */,
			);
			name = "Supporting Files";
			sourceTree = "<group>";
		};
		B443A1F21D548382003D66C5 /* BWObjective-CResearch-iOSTests */ = {
			isa = PBXGroup;
			children = (
				B443A1F31D548382003D66C5 /* BWObjective_CResearch_iOSTests.m */,
				B443A1F51D548382003D66C5 /* Info.plist */,
			);
			path = "BWObjective-CResearch-iOSTests";
			sourceTree = "<group>";
		};
		B443A1FD1D548382003D66C5 /* BWObjective-CResearch-iOSUITests */ = {
			isa = PBXGroup;
			children = (
				B443A1FE1D548382003D66C5 /* BWObjective_CResearch_iOSUITests.m */,
				B443A2001D548382003D66C5 /* Info.plist */,
			);
			path = "BWObjective-CResearch-iOSUITests";
			sourceTree = "<group>";
		};
		B461B66F1DDD50D300FB7BC1 /* Research */ = {
			isa = PBXGroup;
			children = (
				B461B6701DDD50FB00FB7BC1 /* BWResearchVC.h */,
				B461B6711DDD50FB00FB7BC1 /* BWResearchVC.m */,
			);
			path = Research;
			sourceTree = "<group>";
		};
		B46B254F1DB5DCC500B9FF54 /* BaseController */ = {
			isa = PBXGroup;
			children = (
				B46B25501DB5DCD800B9FF54 /* BWBaseViewController.h */,
				B46B25511DB5DCD800B9FF54 /* BWBaseViewController.m */,
				B46B25531DB5ED6500B9FF54 /* BWBaseNavigationController.h */,
				B46B25541DB5ED6500B9FF54 /* BWBaseNavigationController.m */,
			);
			path = BaseController;
			sourceTree = "<group>";
		};
		B46B25561DB5EDDD00B9FF54 /* Home */ = {
			isa = PBXGroup;
			children = (
				B46B25571DB5EDDD00B9FF54 /* Controller */,
				B46B255B1DB5EDDD00B9FF54 /* Model */,
				B46B255C1DB5EDDD00B9FF54 /* View */,
			);
			path = Home;
			sourceTree = "<group>";
		};
		B46B25571DB5EDDD00B9FF54 /* Controller */ = {
			isa = PBXGroup;
			children = (
				B46B25581DB5EDDD00B9FF54 /* BWHomeViewController.h */,
				B46B25591DB5EDDD00B9FF54 /* BWHomeViewController.m */,
				B46B255A1DB5EDDD00B9FF54 /* BWHomeViewController.xib */,
			);
			path = Controller;
			sourceTree = "<group>";
		};
		B46B255B1DB5EDDD00B9FF54 /* Model */ = {
			isa = PBXGroup;
			children = (
			);
			path = Model;
			sourceTree = "<group>";
		};
		B46B255C1DB5EDDD00B9FF54 /* View */ = {
			isa = PBXGroup;
			children = (
				B46B255D1DB5EDDD00B9FF54 /* BWHomeTableViewCell.h */,
				B46B255E1DB5EDDD00B9FF54 /* BWHomeTableViewCell.m */,
				B46B255F1DB5EDDD00B9FF54 /* BWHomeTableViewCell.xib */,
			);
			path = View;
			sourceTree = "<group>";
		};
		B46B25641DB5EE0500B9FF54 /* Me */ = {
			isa = PBXGroup;
			children = (
				B46B25651DB5EE0500B9FF54 /* Controller */,
			);
			path = Me;
			sourceTree = "<group>";
		};
		B46B25651DB5EE0500B9FF54 /* Controller */ = {
			isa = PBXGroup;
			children = (
				B46B25661DB5EE1C00B9FF54 /* BWMeController.h */,
				B46B25671DB5EE1C00B9FF54 /* BWMeController.m */,
				B46B25CA1DB620CA00B9FF54 /* BWMeSecondViewController.h */,
				B46B25CB1DB620CA00B9FF54 /* BWMeSecondViewController.m */,
			);
			path = Controller;
			sourceTree = "<group>";
		};
		B46B25CD1DB72C9A00B9FF54 /* Resource */ = {
			isa = PBXGroup;
			children = (
				B46B25D01DB72CE800B9FF54 /* bw_icon_back_100@2x.png */,
			);
			path = Resource;
			sourceTree = "<group>";
		};
		B4AC5FA41DB4CC5100D880FB /* JZNavigationExtension */ = {
			isa = PBXGroup;
			children = (
				B4AC5FA51DB4CC5100D880FB /* JZNavigationExtension.h */,
				B4AC5FA61DB4CC5100D880FB /* Private */,
				B4AC5FB21DB4CC5100D880FB /* UINavigationController+JZExtension.h */,
				B4AC5FB31DB4CC5100D880FB /* UINavigationController+JZExtension.m */,
				B4AC5FB41DB4CC5100D880FB /* UIViewController+JZExtension.h */,
				B4AC5FB51DB4CC5100D880FB /* UIViewController+JZExtension.m */,
			);
			path = JZNavigationExtension;
			sourceTree = "<group>";
		};
		B4AC5FA61DB4CC5100D880FB /* Private */ = {
			isa = PBXGroup;
			children = (
				B4AC5FA71DB4CC5100D880FB /* _JZ-objc-internal.h */,
				B4AC5FA81DB4CC5100D880FB /* _JZNavigationInteractiveTransition.h */,
				B4AC5FA91DB4CC5100D880FB /* _JZNavigationInteractiveTransition.m */,
				B4AC5FAA1DB4CC5100D880FB /* _JZValue.h */,
				B4AC5FAB1DB4CC5100D880FB /* _JZValue.m */,
				B4AC5FAC1DB4CC5100D880FB /* NSNumber+JZExtension.h */,
				B4AC5FAD1DB4CC5100D880FB /* NSNumber+JZExtension.m */,
				B4AC5FAE1DB4CC5100D880FB /* UINavigationBar+JZExtension.h */,
				B4AC5FAF1DB4CC5100D880FB /* UINavigationBar+JZExtension.m */,
				B4AC5FB01DB4CC5100D880FB /* UIToolbar+JZExtension.h */,
				B4AC5FB11DB4CC5100D880FB /* UIToolbar+JZExtension.m */,
			);
			path = Private;
			sourceTree = "<group>";
		};
		B4AC5FBD1DB4CFFA00D880FB /* Category */ = {
			isa = PBXGroup;
			children = (
				B4AC5FBE1DB4D01200D880FB /* UIViewController+BWExtension.h */,
				B4AC5FBF1DB4D01200D880FB /* UIViewController+BWExtension.m */,
			);
			path = Category;
			sourceTree = "<group>";
		};
		B4B630D41DAE1FDB00DF0907 /* MVC */ = {
			isa = PBXGroup;
			children = (
				B46B254F1DB5DCC500B9FF54 /* BaseController */,
				B46B25561DB5EDDD00B9FF54 /* Home */,
				B46B25641DB5EE0500B9FF54 /* Me */,
				B461B66F1DDD50D300FB7BC1 /* Research */,
			);
			path = MVC;
			sourceTree = "<group>";
		};
		B4B6312C1DAE384F00DF0907 /* JZTableViewRowAction */ = {
			isa = PBXGroup;
			children = (
				B4B6312D1DAE384F00DF0907 /* UITableViewCell+JZExtension.m */,
				B4B6312E1DAE384F00DF0907 /* UITableViewRowAction+JZExtension.h */,
				B4B6312F1DAE384F00DF0907 /* UITableViewRowAction+JZExtension.m */,
				B4B631301DAE384F00DF0907 /* UITableViewRowAction.m */,
			);
			path = JZTableViewRowAction;
			sourceTree = "<group>";
		};
		B4FF7E891DACDD220015089F /* Library */ = {
			isa = PBXGroup;
			children = (
				B4B6312C1DAE384F00DF0907 /* JZTableViewRowAction */,
				B4AC5FA41DB4CC5100D880FB /* JZNavigationExtension */,
			);
			path = Library;
			sourceTree = "<group>";
		};
/* End PBXGroup section */

/* Begin PBXNativeTarget section */
		B443A1D51D548382003D66C5 /* BWObjective-CResearch-iOS */ = {
			isa = PBXNativeTarget;
			buildConfigurationList = B443A2031D548382003D66C5 /* Build configuration list for PBXNativeTarget "BWObjective-CResearch-iOS" */;
			buildPhases = (
				B443A1D21D548382003D66C5 /* Sources */,
				B443A1D31D548382003D66C5 /* Frameworks */,
				B443A1D41D548382003D66C5 /* Resources */,
			);
			buildRules = (
			);
			dependencies = (
			);
			name = "BWObjective-CResearch-iOS";
			productName = "BWObjective-CResearch-iOS";
			productReference = B443A1D61D548382003D66C5 /* BWObjective-CResearch-iOS.app */;
			productType = "com.apple.product-type.application";
		};
		B443A1EE1D548382003D66C5 /* BWObjective-CResearch-iOSTests */ = {
			isa = PBXNativeTarget;
			buildConfigurationList = B443A2061D548382003D66C5 /* Build configuration list for PBXNativeTarget "BWObjective-CResearch-iOSTests" */;
			buildPhases = (
				B443A1EB1D548382003D66C5 /* Sources */,
				B443A1EC1D548382003D66C5 /* Frameworks */,
				B443A1ED1D548382003D66C5 /* Resources */,
			);
			buildRules = (
			);
			dependencies = (
				B443A1F11D548382003D66C5 /* PBXTargetDependency */,
			);
			name = "BWObjective-CResearch-iOSTests";
			productName = "BWObjective-CResearch-iOSTests";
			productReference = B443A1EF1D548382003D66C5 /* BWObjective-CResearch-iOSTests.xctest */;
			productType = "com.apple.product-type.bundle.unit-test";
		};
		B443A1F91D548382003D66C5 /* BWObjective-CResearch-iOSUITests */ = {
			isa = PBXNativeTarget;
			buildConfigurationList = B443A2091D548382003D66C5 /* Build configuration list for PBXNativeTarget "BWObjective-CResearch-iOSUITests" */;
			buildPhases = (
				B443A1F61D548382003D66C5 /* Sources */,
				B443A1F71D548382003D66C5 /* Frameworks */,
				B443A1F81D548382003D66C5 /* Resources */,
			);
			buildRules = (
			);
			dependencies = (
				B443A1FC1D548382003D66C5 /* PBXTargetDependency */,
			);
			name = "BWObjective-CResearch-iOSUITests";
			productName = "BWObjective-CResearch-iOSUITests";
			productReference = B443A1FA1D548382003D66C5 /* BWObjective-CResearch-iOSUITests.xctest */;
			productType = "com.apple.product-type.bundle.ui-testing";
		};
/* End PBXNativeTarget section */

/* Begin PBXProject section */
		B443A1CE1D548382003D66C5 /* Project object */ = {
			isa = PBXProject;
			attributes = {
				LastUpgradeCheck = 0730;
				ORGANIZATIONNAME = BobWong;
				TargetAttributes = {
					B443A1D51D548382003D66C5 = {
						CreatedOnToolsVersion = 7.3;
					};
					B443A1EE1D548382003D66C5 = {
						CreatedOnToolsVersion = 7.3;
						TestTargetID = B443A1D51D548382003D66C5;
					};
					B443A1F91D548382003D66C5 = {
						CreatedOnToolsVersion = 7.3;
						TestTargetID = B443A1D51D548382003D66C5;
					};
				};
			};
			buildConfigurationList = B443A1D11D548382003D66C5 /* Build configuration list for PBXProject "BWObjective-CResearch-iOS" */;
			compatibilityVersion = "Xcode 3.2";
			developmentRegion = English;
			hasScannedForEncodings = 0;
			knownRegions = (
				en,
				Base,
			);
			mainGroup = B443A1CD1D548382003D66C5;
			productRefGroup = B443A1D71D548382003D66C5 /* Products */;
			projectDirPath = "";
			projectRoot = "";
			targets = (
				B443A1D51D548382003D66C5 /* BWObjective-CResearch-iOS */,
				B443A1EE1D548382003D66C5 /* BWObjective-CResearch-iOSTests */,
				B443A1F91D548382003D66C5 /* BWObjective-CResearch-iOSUITests */,
			);
		};
/* End PBXProject section */

/* Begin PBXResourcesBuildPhase section */
		B443A1D41D548382003D66C5 /* Resources */ = {
			isa = PBXResourcesBuildPhase;
			buildActionMask = 2147483647;
			files = (
				B46B25611DB5EDDD00B9FF54 /* BWHomeViewController.xib in Resources */,
				B46B25D11DB72CE800B9FF54 /* bw_icon_back_100@2x.png in Resources */,
				B46B25631DB5EDDD00B9FF54 /* BWHomeTableViewCell.xib in Resources */,
				B443A1E91D548382003D66C5 /* LaunchScreen.storyboard in Resources */,
				B443A1E61D548382003D66C5 /* Assets.xcassets in Resources */,
			);
			runOnlyForDeploymentPostprocessing = 0;
		};
		B443A1ED1D548382003D66C5 /* Resources */ = {
			isa = PBXResourcesBuildPhase;
			buildActionMask = 2147483647;
			files = (
			);
			runOnlyForDeploymentPostprocessing = 0;
		};
		B443A1F81D548382003D66C5 /* Resources */ = {
			isa = PBXResourcesBuildPhase;
			buildActionMask = 2147483647;
			files = (
			);
			runOnlyForDeploymentPostprocessing = 0;
		};
/* End PBXResourcesBuildPhase section */

/* Begin PBXSourcesBuildPhase section */
		B443A1D21D548382003D66C5 /* Sources */ = {
			isa = PBXSourcesBuildPhase;
			buildActionMask = 2147483647;
			files = (
				B4AC5FB91DB4CC5200D880FB /* UINavigationBar+JZExtension.m in Sources */,
				B4B631331DAE384F00DF0907 /* UITableViewRowAction.m in Sources */,
				B46B25601DB5EDDD00B9FF54 /* BWHomeViewController.m in Sources */,
				B4AC5FBC1DB4CC5200D880FB /* UIViewController+JZExtension.m in Sources */,
				B46B25521DB5DCD800B9FF54 /* BWBaseViewController.m in Sources */,
				B4AC5FB81DB4CC5200D880FB /* NSNumber+JZExtension.m in Sources */,
				B4AC5FB61DB4CC5100D880FB /* _JZNavigationInteractiveTransition.m in Sources */,
				B46B25CC1DB620CA00B9FF54 /* BWMeSecondViewController.m in Sources */,
				B443A1DE1D548382003D66C5 /* AppDelegate.m in Sources */,
				B46B25681DB5EE1C00B9FF54 /* BWMeController.m in Sources */,
				B4AC5FBA1DB4CC5200D880FB /* UIToolbar+JZExtension.m in Sources */,
				B4AC5FBB1DB4CC5200D880FB /* UINavigationController+JZExtension.m in Sources */,
				B443A1DB1D548382003D66C5 /* main.m in Sources */,
				B46B25621DB5EDDD00B9FF54 /* BWHomeTableViewCell.m in Sources */,
				B4B631321DAE384F00DF0907 /* UITableViewRowAction+JZExtension.m in Sources */,
				B4AC5FC01DB4D01200D880FB /* UIViewController+BWExtension.m in Sources */,
				B461B6721DDD50FB00FB7BC1 /* BWResearchVC.m in Sources */,
				B46B25551DB5ED6500B9FF54 /* BWBaseNavigationController.m in Sources */,
				B4B631311DAE384F00DF0907 /* UITableViewCell+JZExtension.m in Sources */,
				B4AC5FB71DB4CC5200D880FB /* _JZValue.m in Sources */,
			);
			runOnlyForDeploymentPostprocessing = 0;
		};
		B443A1EB1D548382003D66C5 /* Sources */ = {
			isa = PBXSourcesBuildPhase;
			buildActionMask = 2147483647;
			files = (
				B443A1F41D548382003D66C5 /* BWObjective_CResearch_iOSTests.m in Sources */,
			);
			runOnlyForDeploymentPostprocessing = 0;
		};
		B443A1F61D548382003D66C5 /* Sources */ = {
			isa = PBXSourcesBuildPhase;
			buildActionMask = 2147483647;
			files = (
				B443A1FF1D548382003D66C5 /* BWObjective_CResearch_iOSUITests.m in Sources */,
			);
			runOnlyForDeploymentPostprocessing = 0;
		};
/* End PBXSourcesBuildPhase section */

/* Begin PBXTargetDependency section */
		B443A1F11D548382003D66C5 /* PBXTargetDependency */ = {
			isa = PBXTargetDependency;
			target = B443A1D51D548382003D66C5 /* BWObjective-CResearch-iOS */;
			targetProxy = B443A1F01D548382003D66C5 /* PBXContainerItemProxy */;
		};
		B443A1FC1D548382003D66C5 /* PBXTargetDependency */ = {
			isa = PBXTargetDependency;
			target = B443A1D51D548382003D66C5 /* BWObjective-CResearch-iOS */;
			targetProxy = B443A1FB1D548382003D66C5 /* PBXContainerItemProxy */;
		};
/* End PBXTargetDependency section */

/* Begin PBXVariantGroup section */
		B443A1E71D548382003D66C5 /* LaunchScreen.storyboard */ = {
			isa = PBXVariantGroup;
			children = (
				B443A1E81D548382003D66C5 /* Base */,
			);
			name = LaunchScreen.storyboard;
			sourceTree = "<group>";
		};
/* End PBXVariantGroup section */

/* Begin XCBuildConfiguration section */
		B443A2011D548382003D66C5 /* Debug */ = {
			isa = XCBuildConfiguration;
			buildSettings = {
				ALWAYS_SEARCH_USER_PATHS = NO;
				CLANG_ANALYZER_NONNULL = YES;
				CLANG_CXX_LANGUAGE_STANDARD = "gnu++0x";
				CLANG_CXX_LIBRARY = "libc++";
				CLANG_ENABLE_MODULES = YES;
				CLANG_ENABLE_OBJC_ARC = YES;
				CLANG_WARN_BOOL_CONVERSION = YES;
				CLANG_WARN_CONSTANT_CONVERSION = YES;
				CLANG_WARN_DIRECT_OBJC_ISA_USAGE = YES_ERROR;
				CLANG_WARN_EMPTY_BODY = YES;
				CLANG_WARN_ENUM_CONVERSION = YES;
				CLANG_WARN_INT_CONVERSION = YES;
				CLANG_WARN_OBJC_ROOT_CLASS = YES_ERROR;
				CLANG_WARN_UNREACHABLE_CODE = YES;
				CLANG_WARN__DUPLICATE_METHOD_MATCH = YES;
				"CODE_SIGN_IDENTITY[sdk=iphoneos*]" = "iPhone Developer";
				COPY_PHASE_STRIP = NO;
				DEBUG_INFORMATION_FORMAT = dwarf;
				ENABLE_STRICT_OBJC_MSGSEND = YES;
				ENABLE_TESTABILITY = YES;
				GCC_C_LANGUAGE_STANDARD = gnu99;
				GCC_DYNAMIC_NO_PIC = NO;
				GCC_NO_COMMON_BLOCKS = YES;
				GCC_OPTIMIZATION_LEVEL = 0;
				GCC_PREPROCESSOR_DEFINITIONS = (
					"DEBUG=1",
					"$(inherited)",
				);
				GCC_WARN_64_TO_32_BIT_CONVERSION = YES;
				GCC_WARN_ABOUT_RETURN_TYPE = YES_ERROR;
				GCC_WARN_UNDECLARED_SELECTOR = YES;
				GCC_WARN_UNINITIALIZED_AUTOS = YES_AGGRESSIVE;
				GCC_WARN_UNUSED_FUNCTION = YES;
				GCC_WARN_UNUSED_VARIABLE = YES;
				IPHONEOS_DEPLOYMENT_TARGET = 9.3;
				MTL_ENABLE_DEBUG_INFO = YES;
				ONLY_ACTIVE_ARCH = YES;
				SDKROOT = iphoneos;
			};
			name = Debug;
		};
		B443A2021D548382003D66C5 /* Release */ = {
			isa = XCBuildConfiguration;
			buildSettings = {
				ALWAYS_SEARCH_USER_PATHS = NO;
				CLANG_ANALYZER_NONNULL = YES;
				CLANG_CXX_LANGUAGE_STANDARD = "gnu++0x";
				CLANG_CXX_LIBRARY = "libc++";
				CLANG_ENABLE_MODULES = YES;
				CLANG_ENABLE_OBJC_ARC = YES;
				CLANG_WARN_BOOL_CONVERSION = YES;
				CLANG_WARN_CONSTANT_CONVERSION = YES;
				CLANG_WARN_DIRECT_OBJC_ISA_USAGE = YES_ERROR;
				CLANG_WARN_EMPTY_BODY = YES;
				CLANG_WARN_ENUM_CONVERSION = YES;
				CLANG_WARN_INT_CONVERSION = YES;
				CLANG_WARN_OBJC_ROOT_CLASS = YES_ERROR;
				CLANG_WARN_UNREACHABLE_CODE = YES;
				CLANG_WARN__DUPLICATE_METHOD_MATCH = YES;
				"CODE_SIGN_IDENTITY[sdk=iphoneos*]" = "iPhone Developer";
				COPY_PHASE_STRIP = NO;
				DEBUG_INFORMATION_FORMAT = "dwarf-with-dsym";
				ENABLE_NS_ASSERTIONS = NO;
				ENABLE_STRICT_OBJC_MSGSEND = YES;
				GCC_C_LANGUAGE_STANDARD = gnu99;
				GCC_NO_COMMON_BLOCKS = YES;
				GCC_WARN_64_TO_32_BIT_CONVERSION = YES;
				GCC_WARN_ABOUT_RETURN_TYPE = YES_ERROR;
				GCC_WARN_UNDECLARED_SELECTOR = YES;
				GCC_WARN_UNINITIALIZED_AUTOS = YES_AGGRESSIVE;
				GCC_WARN_UNUSED_FUNCTION = YES;
				GCC_WARN_UNUSED_VARIABLE = YES;
				IPHONEOS_DEPLOYMENT_TARGET = 9.3;
				MTL_ENABLE_DEBUG_INFO = NO;
				SDKROOT = iphoneos;
				VALIDATE_PRODUCT = YES;
			};
			name = Release;
		};
		B443A2041D548382003D66C5 /* Debug */ = {
			isa = XCBuildConfiguration;
			buildSettings = {
				ASSETCATALOG_COMPILER_APPICON_NAME = AppIcon;
				INFOPLIST_FILE = "BWObjective-CResearch-iOS/Info.plist";
				IPHONEOS_DEPLOYMENT_TARGET = 7.0;
				LD_RUNPATH_SEARCH_PATHS = "$(inherited) @executable_path/Frameworks";
				PRODUCT_BUNDLE_IDENTIFIER = "com.bws.BWObjective-CResearch-iOS";
				PRODUCT_NAME = "$(TARGET_NAME)";
			};
			name = Debug;
		};
		B443A2051D548382003D66C5 /* Release */ = {
			isa = XCBuildConfiguration;
			buildSettings = {
				ASSETCATALOG_COMPILER_APPICON_NAME = AppIcon;
				INFOPLIST_FILE = "BWObjective-CResearch-iOS/Info.plist";
				IPHONEOS_DEPLOYMENT_TARGET = 7.0;
				LD_RUNPATH_SEARCH_PATHS = "$(inherited) @executable_path/Frameworks";
				PRODUCT_BUNDLE_IDENTIFIER = "com.bws.BWObjective-CResearch-iOS";
				PRODUCT_NAME = "$(TARGET_NAME)";
			};
			name = Release;
		};
		B443A2071D548382003D66C5 /* Debug */ = {
			isa = XCBuildConfiguration;
			buildSettings = {
				BUNDLE_LOADER = "$(TEST_HOST)";
				INFOPLIST_FILE = "BWObjective-CResearch-iOSTests/Info.plist";
				LD_RUNPATH_SEARCH_PATHS = "$(inherited) @executable_path/Frameworks @loader_path/Frameworks";
				PRODUCT_BUNDLE_IDENTIFIER = "com.bws.BWObjective-CResearch-iOSTests";
				PRODUCT_NAME = "$(TARGET_NAME)";
				TEST_HOST = "$(BUILT_PRODUCTS_DIR)/BWObjective-CResearch-iOS.app/BWObjective-CResearch-iOS";
			};
			name = Debug;
		};
		B443A2081D548382003D66C5 /* Release */ = {
			isa = XCBuildConfiguration;
			buildSettings = {
				BUNDLE_LOADER = "$(TEST_HOST)";
				INFOPLIST_FILE = "BWObjective-CResearch-iOSTests/Info.plist";
				LD_RUNPATH_SEARCH_PATHS = "$(inherited) @executable_path/Frameworks @loader_path/Frameworks";
				PRODUCT_BUNDLE_IDENTIFIER = "com.bws.BWObjective-CResearch-iOSTests";
				PRODUCT_NAME = "$(TARGET_NAME)";
				TEST_HOST = "$(BUILT_PRODUCTS_DIR)/BWObjective-CResearch-iOS.app/BWObjective-CResearch-iOS";
			};
			name = Release;
		};
		B443A20A1D548382003D66C5 /* Debug */ = {
			isa = XCBuildConfiguration;
			buildSettings = {
				INFOPLIST_FILE = "BWObjective-CResearch-iOSUITests/Info.plist";
				LD_RUNPATH_SEARCH_PATHS = "$(inherited) @executable_path/Frameworks @loader_path/Frameworks";
				PRODUCT_BUNDLE_IDENTIFIER = "com.bws.BWObjective-CResearch-iOSUITests";
				PRODUCT_NAME = "$(TARGET_NAME)";
				TEST_TARGET_NAME = "BWObjective-CResearch-iOS";
			};
			name = Debug;
		};
		B443A20B1D548382003D66C5 /* Release */ = {
			isa = XCBuildConfiguration;
			buildSettings = {
				INFOPLIST_FILE = "BWObjective-CResearch-iOSUITests/Info.plist";
				LD_RUNPATH_SEARCH_PATHS = "$(inherited) @executable_path/Frameworks @loader_path/Frameworks";
				PRODUCT_BUNDLE_IDENTIFIER = "com.bws.BWObjective-CResearch-iOSUITests";
				PRODUCT_NAME = "$(TARGET_NAME)";
				TEST_TARGET_NAME = "BWObjective-CResearch-iOS";
			};
			name = Release;
		};
/* End XCBuildConfiguration section */

/* Begin XCConfigurationList section */
		B443A1D11D548382003D66C5 /* Build configuration list for PBXProject "BWObjective-CResearch-iOS" */ = {
			isa = XCConfigurationList;
			buildConfigurations = (
				B443A2011D548382003D66C5 /* Debug */,
				B443A2021D548382003D66C5 /* Release */,
			);
			defaultConfigurationIsVisible = 0;
			defaultConfigurationName = Release;
		};
		B443A2031D548382003D66C5 /* Build configuration list for PBXNativeTarget "BWObjective-CResearch-iOS" */ = {
			isa = XCConfigurationList;
			buildConfigurations = (
				B443A2041D548382003D66C5 /* Debug */,
				B443A2051D548382003D66C5 /* Release */,
			);
			defaultConfigurationIsVisible = 0;
			defaultConfigurationName = Release;
		};
		B443A2061D548382003D66C5 /* Build configuration list for PBXNativeTarget "BWObjective-CResearch-iOSTests" */ = {
			isa = XCConfigurationList;
			buildConfigurations = (
				B443A2071D548382003D66C5 /* Debug */,
				B443A2081D548382003D66C5 /* Release */,
			);
			defaultConfigurationIsVisible = 0;
			defaultConfigurationName = Release;
		};
		B443A2091D548382003D66C5 /* Build configuration list for PBXNativeTarget "BWObjective-CResearch-iOSUITests" */ = {
			isa = XCConfigurationList;
			buildConfigurations = (
				B443A20A1D548382003D66C5 /* Debug */,
				B443A20B1D548382003D66C5 /* Release */,
			);
			defaultConfigurationIsVisible = 0;
			defaultConfigurationName = Release;
		};
/* End XCConfigurationList section */
	};
	rootObject = B443A1CE1D548382003D66C5 /* Project object */;
}
